
Microsoft Visual Studio Solution File, Format Version 12.00
# Visual Studio Version 17
VisualStudioVersion = 17.12.35514.174 d17.12
MinimumVisualStudioVersion = 10.0.40219.1
Project("{2150E333-8FDC-42A3-9474-1A3956D46DE8}") = "src", "src", "{70A563EC-6B0D-4E2A-A8BB-31FC228B4CF2}"
EndProject
Project("{FAE04EC0-301F-11D3-BF4B-00C04F79EFBC}") = "Users.Api", "src\Users.Api\Users.Api.csproj", "{301477F1-F2F9-426A-8AF9-CA0B63B0B989}"
EndProject
Project("{FAE04EC0-301F-11D3-BF4B-00C04F79EFBC}") = "TimeTracker.Api", "src\TimeTracker.Api\TimeTracker.Api.csproj", "{61E5692F-5412-4D30-9AAB-FE6BE559E882}"
EndProject
Project("{2150E333-8FDC-42A3-9474-1A3956D46DE8}") = "Solution Items", "Solution Items", "{EEA980FB-FDBD-4B1F-BBFA-1630D35B3C3E}"
	ProjectSection(SolutionItems) = preProject
		.gitignore = .gitignore
	EndProjectSection
EndProject
Project("{FAE04EC0-301F-11D3-BF4B-00C04F79EFBC}") = "Contracts", "src\Contracts\Contracts.csproj", "{52FEDEE3-CE01-4CEB-81C3-49D2F88B07A6}"
EndProject
Project("{E53339B2-1760-4266-BCC7-CA923CBCF16C}") = "docker-compose", "docker-compose.dcproj", "{03092AB4-D2E5-4BA7-AB85-845EB83EFCEF}"
EndProject
Project("{FAE04EC0-301F-11D3-BF4B-00C04F79EFBC}") = "docker-compose", "docker\docker-compose.dcproj", "{03092AB4-D2E5-4BA7-AB85-845EB83EFCEF}"
EndProject
Global
	GlobalSection(SolutionConfigurationPlatforms) = preSolution
		Debug|Any CPU = Debug|Any CPU
		Release|Any CPU = Release|Any CPU
	EndGlobalSection
	GlobalSection(ProjectConfigurationPlatforms) = postSolution
		{301477F1-F2F9-426A-8AF9-CA0B63B0B989}.Debug|Any CPU.ActiveCfg = Debug|Any CPU
		{301477F1-F2F9-426A-8AF9-CA0B63B0B989}.Debug|Any CPU.Build.0 = Debug|Any CPU
		{301477F1-F2F9-426A-8AF9-CA0B63B0B989}.Release|Any CPU.ActiveCfg = Release|Any CPU
		{301477F1-F2F9-426A-8AF9-CA0B63B0B989}.Release|Any CPU.Build.0 = Release|Any CPU
		{61E5692F-5412-4D30-9AAB-FE6BE559E882}.Debug|Any CPU.ActiveCfg = Debug|Any CPU
		{61E5692F-5412-4D30-9AAB-FE6BE559E882}.Debug|Any CPU.Build.0 = Debug|Any CPU
		{61E5692F-5412-4D30-9AAB-FE6BE559E882}.Release|Any CPU.ActiveCfg = Release|Any CPU
		{61E5692F-5412-4D30-9AAB-FE6BE559E882}.Release|Any CPU.Build.0 = Release|Any CPU
		{52FEDEE3-CE01-4CEB-81C3-49D2F88B07A6}.Debug|Any CPU.ActiveCfg = Debug|Any CPU
		{52FEDEE3-CE01-4CEB-81C3-49D2F88B07A6}.Debug|Any CPU.Build.0 = Debug|Any CPU
		{52FEDEE3-CE01-4CEB-81C3-49D2F88B07A6}.Release|Any CPU.ActiveCfg = Release|Any CPU
		{52FEDEE3-CE01-4CEB-81C3-49D2F88B07A6}.Release|Any CPU.Build.0 = Release|Any CPU
		{03092AB4-D2E5-4BA7-AB85-845EB83EFCEF}.Debug|Any CPU.ActiveCfg = Debug|Any CPU
		{03092AB4-D2E5-4BA7-AB85-845EB83EFCEF}.Debug|Any CPU.Build.0 = Debug|Any CPU
		{03092AB4-D2E5-4BA7-AB85-845EB83EFCEF}.Release|Any CPU.ActiveCfg = Release|Any CPU
		{03092AB4-D2E5-4BA7-AB85-845EB83EFCEF}.Release|Any CPU.Build.0 = Release|Any CPU
		{03092AB4-D2E5-4BA7-AB85-845EB83EFCEF}.Release|Any CPU.ActiveCfg = Debug|Any CPU
		{03092AB4-D2E5-4BA7-AB85-845EB83EFCEF}.Release|Any CPU.Build.0 = Debug|Any CPU
	EndGlobalSection
	GlobalSection(SolutionProperties) = preSolution
		HideSolutionNode = FALSE
	EndGlobalSection
	GlobalSection(NestedProjects) = preSolution
		{301477F1-F2F9-426A-8AF9-CA0B63B0B989} = {70A563EC-6B0D-4E2A-A8BB-31FC228B4CF2}
		{61E5692F-5412-4D30-9AAB-FE6BE559E882} = {70A563EC-6B0D-4E2A-A8BB-31FC228B4CF2}
		{52FEDEE3-CE01-4CEB-81C3-49D2F88B07A6} = {70A563EC-6B0D-4E2A-A8BB-31FC228B4CF2}
	EndGlobalSection
EndGlobal
